{
  "version": 4,
  "terraform_version": "1.9.0",
  "serial": 28,
  "lineage": "2412c4b3-81ac-0649-93c3-1670057d1623",
  "outputs": {
    "server_ip": {
      "value": "162.55.220.151",
      "type": "string"
    }
  },
  "resources": [
    {
      "mode": "managed",
      "type": "hcloud_server",
      "name": "web",
      "provider": "provider[\"registry.terraform.io/hetznercloud/hcloud\"]",
      "instances": [
        {
          "schema_version": 0,
          "attributes": {
            "allow_deprecated_images": false,
            "backup_window": "",
            "backups": false,
            "datacenter": "nbg1-dc3",
            "delete_protection": false,
            "firewall_ids": [],
            "id": "116260991",
            "ignore_remote_firewall_ids": false,
            "image": "ubuntu-22.04",
            "ipv4_address": "162.55.220.151",
            "ipv6_address": "2a01:4f8:1c1b:7b1a::1",
            "ipv6_network": "2a01:4f8:1c1b:7b1a::/64",
            "iso": null,
            "keep_disk": false,
            "labels": {
              "environment": "development",
              "managed_by": "terraform"
            },
            "location": "nbg1",
            "name": "vps-tonilogar.com",
            "network": [],
            "placement_group_id": 0,
            "primary_disk_size": 40,
            "public_net": [
              {
                "ipv4": 0,
                "ipv4_enabled": true,
                "ipv6": 0,
                "ipv6_enabled": true
              }
            ],
            "rebuild_protection": false,
            "rescue": null,
            "server_type": "cax11",
            "shutdown_before_deletion": false,
            "ssh_keys": [
              "104823628"
            ],
            "status": "running",
            "timeouts": null,
            "user_data": null
          },
          "sensitive_attributes": [],
          "private": "eyJlMmJmYjczMC1lY2FhLTExZTYtOGY4OC0zNDM2M2JjN2M0YzAiOnsiY3JlYXRlIjo1NDAwMDAwMDAwMDAwfX0=",
          "dependencies": [
            "hcloud_ssh_key.default"
          ]
        }
      ]
    },
    {
      "mode": "managed",
      "type": "hcloud_ssh_key",
      "name": "default",
      "provider": "provider[\"registry.terraform.io/hetznercloud/hcloud\"]",
      "instances": [
        {
          "schema_version": 0,
          "attributes": {
            "fingerprint": "9a:4c:9b:fb:7b:20:0f:4b:d4:5f:d4:4b:8d:6f:58:3f",
            "id": "104823628",
            "labels": {},
            "name": "jenkins-terraform-key",
            "public_key": "ssh-rsa AAAAB3NzaC1yc2EAAAADAQABAAACAQDcxIUbcL1QbdvdklmEBGF3UmnhPixWLJzmV7KFSRoIYMzyNNkzrn3h4Iv3CUci0vlEqDq1IckZZBfhkd1zRaFeVdmvvti9NTG/VJSDGn2NHPijORuJPKS4r1XUzzyzTQ0DWbIy2rQM5XySiTHOuZ7jia+AWRJFixN06AumZEGb0QSNFeN/OarQXvNw9wtIQqKaBkZkR5ClAuLj2ynlyI0fje9pIEGEB7Svnr4zPcUtf3FD4jqDV3t0mfafa1tgh3XC/j8Tq937UvQnnJNOeQUsxx+CpnLpJcGuiMxF5p7+L7l4rl0X4I2z1klud/FrXBVn/N4epyO31Xr7R6uAcNWYHpcUg9Uwois9GubV0zk5p4V257WHz/KTrVB1lvgvOsbZY0filXwhhGjh9KjVsu4QR+Z+Cu8f7RL6AzOGp04J0KCQtyg3n2hU5/V2jPlTheeWEa6dFb3QTJdo0B9sgskpc9f7R6N65+QcwdS9rmJDJ3legb+HvJ29AA4zD15hwMecuZOlMpz4a2CJWYudx7R+fMaqEMKE/UO2eRYud8AxotrAV2DSk8wrvfCn4DkNWL+5PqjlUqAUc5RuF8QyTrXEKc6MQ7tRZ/O95zlmRxLotgcqfRzj0cRPfEHh7y3AtY7IkTepNH7M4pw9vedTq3Mcveqj2ai7kOcj5pl/3vPSdQ== jenkins@example.com"
          },
          "sensitive_attributes": []
        }
      ]
    }
  ],
  "check_results": null
}
